
Microsoft Visual Studio Solution File, Format Version 12.00
Project("{FAE04EC0-301F-11D3-BF4B-00C04F79EFBC}") = "TimeTracker.Web.Api", "TimeTracker.Web.Api\TimeTracker.Web.Api.csproj", "{71516203-C89C-4618-906A-A537E77483A6}"
EndProject
Project("{FAE04EC0-301F-11D3-BF4B-00C04F79EFBC}") = "TimeTracker.Config", "TimeTracker.Config\TimeTracker.Config.csproj", "{F8269F1E-4825-41CA-868B-44EC1C417A6F}"
EndProject
Project("{FAE04EC0-301F-11D3-BF4B-00C04F79EFBC}") = "TimeTracker.Config.Test", "TimeTracker.Config.Test\TimeTracker.Config.Test.csproj", "{89959A11-86DD-464E-94F0-699997CF4581}"
EndProject
Project("{FAE04EC0-301F-11D3-BF4B-00C04F79EFBC}") = "TimeTracker.Test.Common", "TimeTracker.Test.Common\TimeTracker.Test.Common.csproj", "{4BF1624B-1FC5-4489-BEB2-89CD345D9098}"
EndProject
Project("{FAE04EC0-301F-11D3-BF4B-00C04F79EFBC}") = "TimeTracker.Application", "TimeTracker.Application\TimeTracker.Application.csproj", "{9F2298D4-5372-479A-B434-38D23BEDFBBB}"
EndProject
Project("{FAE04EC0-301F-11D3-BF4B-00C04F79EFBC}") = "TimeTracker.Domain", "TimeTracker.Domain\TimeTracker.Domain.csproj", "{D72CCB3E-90CE-44CE-9B6D-748E91354BB4}"
EndProject
Project("{FAE04EC0-301F-11D3-BF4B-00C04F79EFBC}") = "TimeTracker.Utils", "TimeTracker.Utils\TimeTracker.Utils.csproj", "{BF88DD05-900F-403A-9FB8-BB1849E759D6}"
EndProject
Project("{FAE04EC0-301F-11D3-BF4B-00C04F79EFBC}") = "TimeTracker.Application.Test", "TimeTracker.Application.Test\TimeTracker.Application.Test.csproj", "{362FD9D6-727F-488D-88E3-5F8EE5EBB84A}"
EndProject
Project("{FAE04EC0-301F-11D3-BF4B-00C04F79EFBC}") = "TimeTracker.Utils.Test", "TimeTracker.Utils.Test\TimeTracker.Utils.Test.csproj", "{0277C0DA-55AF-432C-8621-E3EB4B9E1594}"
EndProject
Project("{FAE04EC0-301F-11D3-BF4B-00C04F79EFBC}") = "TimeTracker.Test.Infra.Common", "TimeTracker.Test.Infra.Common\TimeTracker.Test.Infra.Common.csproj", "{6FFAB1F3-B756-4A6A-AD68-4E3B82A419AB}"
EndProject
Project("{FAE04EC0-301F-11D3-BF4B-00C04F79EFBC}") = "TimeTracker.Core", "TimeTracker.Core\TimeTracker.Core.csproj", "{0D5FBC58-5F70-445E-863E-34629521D65E}"
EndProject
Project("{FAE04EC0-301F-11D3-BF4B-00C04F79EFBC}") = "TimeTracker.Infra.Write", "TimeTracker.Infra.Write\TimeTracker.Infra.Write.csproj", "{3A512B7E-7768-412D-A1B9-3F4D1727058A}"
EndProject
Project("{FAE04EC0-301F-11D3-BF4B-00C04F79EFBC}") = "TimeTracker.Infra.Write.Test", "TimeTracker.Infra.Write.Test\TimeTracker.Infra.Write.Test.csproj", "{8BA45897-844E-4C58-84B0-FA7672DAB8FA}"
EndProject
Project("{FAE04EC0-301F-11D3-BF4B-00C04F79EFBC}") = "TimeTracker.Infra.Write.Core", "TimeTracker.Infra.Write.Core\TimeTracker.Infra.Write.Core.csproj", "{7322B4B3-CE3E-4050-A6AD-9A61462E3C66}"
EndProject
Project("{FAE04EC0-301F-11D3-BF4B-00C04F79EFBC}") = "TimeTracker.Infra.Write.Migrations", "TimeTracker.Infra.Write.Migrations\TimeTracker.Infra.Write.Migrations.csproj", "{D02D72A2-BEE1-4BB7-B867-5C9D2F98E6E1}"
EndProject
Project("{FAE04EC0-301F-11D3-BF4B-00C04F79EFBC}") = "TimeTracker.Infra.Write.Migrations.Test", "TimeTracker.Infra.Write.Migrations.Test\TimeTracker.Infra.Write.Migrations.Test.csproj", "{9D0500A2-6D35-4E38-8149-51691416CC5D}"
EndProject
Project("{FAE04EC0-301F-11D3-BF4B-00C04F79EFBC}") = "TimeTracker.Infra.Write.Core.Test", "TimeTracker.Infra.Write.Core.Test\TimeTracker.Infra.Write.Core.Test.csproj", "{97B579DA-910B-4562-B6FD-8A1073FF951F}"
EndProject
Project("{FAE04EC0-301F-11D3-BF4B-00C04F79EFBC}") = "TimeTracker.Infra.Read", "TimeTracker.Infra.Read\TimeTracker.Infra.Read.csproj", "{75A31A22-A6C7-4CF0-9404-5DD12E406F89}"
EndProject
Project("{FAE04EC0-301F-11D3-BF4B-00C04F79EFBC}") = "TimeTracker.Infra.Read.Test", "TimeTracker.Infra.Read.Test\TimeTracker.Infra.Read.Test.csproj", "{4A9C486D-DE9C-4426-95E3-7EB3240C4F3B}"
EndProject
Global
	GlobalSection(SolutionConfigurationPlatforms) = preSolution
		Debug|Any CPU = Debug|Any CPU
		Release|Any CPU = Release|Any CPU
	EndGlobalSection
	GlobalSection(ProjectConfigurationPlatforms) = postSolution
		{71516203-C89C-4618-906A-A537E77483A6}.Debug|Any CPU.ActiveCfg = Debug|Any CPU
		{71516203-C89C-4618-906A-A537E77483A6}.Debug|Any CPU.Build.0 = Debug|Any CPU
		{71516203-C89C-4618-906A-A537E77483A6}.Release|Any CPU.ActiveCfg = Release|Any CPU
		{71516203-C89C-4618-906A-A537E77483A6}.Release|Any CPU.Build.0 = Release|Any CPU
		{F8269F1E-4825-41CA-868B-44EC1C417A6F}.Debug|Any CPU.ActiveCfg = Debug|Any CPU
		{F8269F1E-4825-41CA-868B-44EC1C417A6F}.Debug|Any CPU.Build.0 = Debug|Any CPU
		{F8269F1E-4825-41CA-868B-44EC1C417A6F}.Release|Any CPU.ActiveCfg = Release|Any CPU
		{F8269F1E-4825-41CA-868B-44EC1C417A6F}.Release|Any CPU.Build.0 = Release|Any CPU
		{89959A11-86DD-464E-94F0-699997CF4581}.Debug|Any CPU.ActiveCfg = Debug|Any CPU
		{89959A11-86DD-464E-94F0-699997CF4581}.Debug|Any CPU.Build.0 = Debug|Any CPU
		{89959A11-86DD-464E-94F0-699997CF4581}.Release|Any CPU.ActiveCfg = Release|Any CPU
		{89959A11-86DD-464E-94F0-699997CF4581}.Release|Any CPU.Build.0 = Release|Any CPU
		{4BF1624B-1FC5-4489-BEB2-89CD345D9098}.Debug|Any CPU.ActiveCfg = Debug|Any CPU
		{4BF1624B-1FC5-4489-BEB2-89CD345D9098}.Debug|Any CPU.Build.0 = Debug|Any CPU
		{4BF1624B-1FC5-4489-BEB2-89CD345D9098}.Release|Any CPU.ActiveCfg = Release|Any CPU
		{4BF1624B-1FC5-4489-BEB2-89CD345D9098}.Release|Any CPU.Build.0 = Release|Any CPU
		{9F2298D4-5372-479A-B434-38D23BEDFBBB}.Debug|Any CPU.ActiveCfg = Debug|Any CPU
		{9F2298D4-5372-479A-B434-38D23BEDFBBB}.Debug|Any CPU.Build.0 = Debug|Any CPU
		{9F2298D4-5372-479A-B434-38D23BEDFBBB}.Release|Any CPU.ActiveCfg = Release|Any CPU
		{9F2298D4-5372-479A-B434-38D23BEDFBBB}.Release|Any CPU.Build.0 = Release|Any CPU
		{D72CCB3E-90CE-44CE-9B6D-748E91354BB4}.Debug|Any CPU.ActiveCfg = Debug|Any CPU
		{D72CCB3E-90CE-44CE-9B6D-748E91354BB4}.Debug|Any CPU.Build.0 = Debug|Any CPU
		{D72CCB3E-90CE-44CE-9B6D-748E91354BB4}.Release|Any CPU.ActiveCfg = Release|Any CPU
		{D72CCB3E-90CE-44CE-9B6D-748E91354BB4}.Release|Any CPU.Build.0 = Release|Any CPU
		{BF88DD05-900F-403A-9FB8-BB1849E759D6}.Debug|Any CPU.ActiveCfg = Debug|Any CPU
		{BF88DD05-900F-403A-9FB8-BB1849E759D6}.Debug|Any CPU.Build.0 = Debug|Any CPU
		{BF88DD05-900F-403A-9FB8-BB1849E759D6}.Release|Any CPU.ActiveCfg = Release|Any CPU
		{BF88DD05-900F-403A-9FB8-BB1849E759D6}.Release|Any CPU.Build.0 = Release|Any CPU
		{362FD9D6-727F-488D-88E3-5F8EE5EBB84A}.Debug|Any CPU.ActiveCfg = Debug|Any CPU
		{362FD9D6-727F-488D-88E3-5F8EE5EBB84A}.Debug|Any CPU.Build.0 = Debug|Any CPU
		{362FD9D6-727F-488D-88E3-5F8EE5EBB84A}.Release|Any CPU.ActiveCfg = Release|Any CPU
		{362FD9D6-727F-488D-88E3-5F8EE5EBB84A}.Release|Any CPU.Build.0 = Release|Any CPU
		{0277C0DA-55AF-432C-8621-E3EB4B9E1594}.Debug|Any CPU.ActiveCfg = Debug|Any CPU
		{0277C0DA-55AF-432C-8621-E3EB4B9E1594}.Debug|Any CPU.Build.0 = Debug|Any CPU
		{0277C0DA-55AF-432C-8621-E3EB4B9E1594}.Release|Any CPU.ActiveCfg = Release|Any CPU
		{0277C0DA-55AF-432C-8621-E3EB4B9E1594}.Release|Any CPU.Build.0 = Release|Any CPU
		{6FFAB1F3-B756-4A6A-AD68-4E3B82A419AB}.Debug|Any CPU.ActiveCfg = Debug|Any CPU
		{6FFAB1F3-B756-4A6A-AD68-4E3B82A419AB}.Debug|Any CPU.Build.0 = Debug|Any CPU
		{6FFAB1F3-B756-4A6A-AD68-4E3B82A419AB}.Release|Any CPU.ActiveCfg = Release|Any CPU
		{6FFAB1F3-B756-4A6A-AD68-4E3B82A419AB}.Release|Any CPU.Build.0 = Release|Any CPU
		{0D5FBC58-5F70-445E-863E-34629521D65E}.Debug|Any CPU.ActiveCfg = Debug|Any CPU
		{0D5FBC58-5F70-445E-863E-34629521D65E}.Debug|Any CPU.Build.0 = Debug|Any CPU
		{0D5FBC58-5F70-445E-863E-34629521D65E}.Release|Any CPU.ActiveCfg = Release|Any CPU
		{0D5FBC58-5F70-445E-863E-34629521D65E}.Release|Any CPU.Build.0 = Release|Any CPU
		{3A512B7E-7768-412D-A1B9-3F4D1727058A}.Debug|Any CPU.ActiveCfg = Debug|Any CPU
		{3A512B7E-7768-412D-A1B9-3F4D1727058A}.Debug|Any CPU.Build.0 = Debug|Any CPU
		{3A512B7E-7768-412D-A1B9-3F4D1727058A}.Release|Any CPU.ActiveCfg = Release|Any CPU
		{3A512B7E-7768-412D-A1B9-3F4D1727058A}.Release|Any CPU.Build.0 = Release|Any CPU
		{8BA45897-844E-4C58-84B0-FA7672DAB8FA}.Debug|Any CPU.ActiveCfg = Debug|Any CPU
		{8BA45897-844E-4C58-84B0-FA7672DAB8FA}.Debug|Any CPU.Build.0 = Debug|Any CPU
		{8BA45897-844E-4C58-84B0-FA7672DAB8FA}.Release|Any CPU.ActiveCfg = Release|Any CPU
		{8BA45897-844E-4C58-84B0-FA7672DAB8FA}.Release|Any CPU.Build.0 = Release|Any CPU
		{7322B4B3-CE3E-4050-A6AD-9A61462E3C66}.Debug|Any CPU.ActiveCfg = Debug|Any CPU
		{7322B4B3-CE3E-4050-A6AD-9A61462E3C66}.Debug|Any CPU.Build.0 = Debug|Any CPU
		{7322B4B3-CE3E-4050-A6AD-9A61462E3C66}.Release|Any CPU.ActiveCfg = Release|Any CPU
		{7322B4B3-CE3E-4050-A6AD-9A61462E3C66}.Release|Any CPU.Build.0 = Release|Any CPU
		{D02D72A2-BEE1-4BB7-B867-5C9D2F98E6E1}.Debug|Any CPU.ActiveCfg = Debug|Any CPU
		{D02D72A2-BEE1-4BB7-B867-5C9D2F98E6E1}.Debug|Any CPU.Build.0 = Debug|Any CPU
		{D02D72A2-BEE1-4BB7-B867-5C9D2F98E6E1}.Release|Any CPU.ActiveCfg = Release|Any CPU
		{D02D72A2-BEE1-4BB7-B867-5C9D2F98E6E1}.Release|Any CPU.Build.0 = Release|Any CPU
		{9D0500A2-6D35-4E38-8149-51691416CC5D}.Debug|Any CPU.ActiveCfg = Debug|Any CPU
		{9D0500A2-6D35-4E38-8149-51691416CC5D}.Debug|Any CPU.Build.0 = Debug|Any CPU
		{9D0500A2-6D35-4E38-8149-51691416CC5D}.Release|Any CPU.ActiveCfg = Release|Any CPU
		{9D0500A2-6D35-4E38-8149-51691416CC5D}.Release|Any CPU.Build.0 = Release|Any CPU
		{97B579DA-910B-4562-B6FD-8A1073FF951F}.Debug|Any CPU.ActiveCfg = Debug|Any CPU
		{97B579DA-910B-4562-B6FD-8A1073FF951F}.Debug|Any CPU.Build.0 = Debug|Any CPU
		{97B579DA-910B-4562-B6FD-8A1073FF951F}.Release|Any CPU.ActiveCfg = Release|Any CPU
		{97B579DA-910B-4562-B6FD-8A1073FF951F}.Release|Any CPU.Build.0 = Release|Any CPU
		{75A31A22-A6C7-4CF0-9404-5DD12E406F89}.Debug|Any CPU.ActiveCfg = Debug|Any CPU
		{75A31A22-A6C7-4CF0-9404-5DD12E406F89}.Debug|Any CPU.Build.0 = Debug|Any CPU
		{75A31A22-A6C7-4CF0-9404-5DD12E406F89}.Release|Any CPU.ActiveCfg = Release|Any CPU
		{75A31A22-A6C7-4CF0-9404-5DD12E406F89}.Release|Any CPU.Build.0 = Release|Any CPU
		{4A9C486D-DE9C-4426-95E3-7EB3240C4F3B}.Debug|Any CPU.ActiveCfg = Debug|Any CPU
		{4A9C486D-DE9C-4426-95E3-7EB3240C4F3B}.Debug|Any CPU.Build.0 = Debug|Any CPU
		{4A9C486D-DE9C-4426-95E3-7EB3240C4F3B}.Release|Any CPU.ActiveCfg = Release|Any CPU
		{4A9C486D-DE9C-4426-95E3-7EB3240C4F3B}.Release|Any CPU.Build.0 = Release|Any CPU
	EndGlobalSection
EndGlobal
